
Microsoft Visual Studio Solution File, Format Version 12.00
# Visual Studio Version 17
VisualStudioVersion = 17.8.34322.80
MinimumVisualStudioVersion = 10.0.40219.1
Project("{2150E333-8FDC-42A3-9474-1A3956D46DE8}") = "Worker", "Worker", "{9CF5ADD1-AC37-49CA-B45B-16BCE057D124}"
EndProject
Project("{2150E333-8FDC-42A3-9474-1A3956D46DE8}") = "Server", "Server", "{0E5865AD-1E0B-4DFE-BF4E-737A2343C03E}"
EndProject
Project("{9A19103F-16F7-4668-BE54-9A1E7A4F7556}") = "Worker.Application", "Worker.Application\Worker.Application.csproj", "{CE8964F4-A6AE-4742-B86C-75B590F8E5D7}"
EndProject
Project("{9A19103F-16F7-4668-BE54-9A1E7A4F7556}") = "PlastMB", "PlastMB\PlastMB.csproj", "{AC17766D-11D1-4945-B0B1-CD6B3B11CC7D}"
EndProject
Project("{9A19103F-16F7-4668-BE54-9A1E7A4F7556}") = "PlastMB.Application", "PlastMB.Application\PlastMB.Application.csproj", "{D297157B-0C23-4AFB-8371-D70134BA385D}"
EndProject
Project("{9A19103F-16F7-4668-BE54-9A1E7A4F7556}") = "PlastMB.Domain", "PlastMB.Domain\PlastMB.Domain.csproj", "{A6E7F55B-5A6F-4B8D-8AA1-02BD14C33E42}"
EndProject
Project("{9A19103F-16F7-4668-BE54-9A1E7A4F7556}") = "PlastMB.Infrastructure", "PlastMB.Infrastructure\PlastMB.Infrastructure.csproj", "{154343E3-B8C8-481E-B62B-7F987BD4866A}"
EndProject
Project("{9A19103F-16F7-4668-BE54-9A1E7A4F7556}") = "PlastMB.Utils", "PlastMB.Utils\PlastMB.Utils.csproj", "{D2EEF0A1-26B1-4C84-A274-39BBE0B6C4BE}"
EndProject
Project("{9A19103F-16F7-4668-BE54-9A1E7A4F7556}") = "PlastMB.WorkerService", "PlastMB.WorkerService\PlastMB.WorkerService.csproj", "{1FA991BE-C1F0-4886-BA5B-AC094AD81A31}"
EndProject
Project("{2150E333-8FDC-42A3-9474-1A3956D46DE8}") = "PC", "PC", "{58687F8B-24F8-42DB-A902-485E19711D95}"
EndProject
Project("{9A19103F-16F7-4668-BE54-9A1E7A4F7556}") = "PlastMB", "PlastMB.WinForm\PlastMB.csproj", "{14FBDD85-C399-438A-8E09-5AFC98DCEB7D}"
EndProject
Global
	GlobalSection(SolutionConfigurationPlatforms) = preSolution
		Debug|Any CPU = Debug|Any CPU
		Release|Any CPU = Release|Any CPU
	EndGlobalSection
	GlobalSection(ProjectConfigurationPlatforms) = postSolution
		{CE8964F4-A6AE-4742-B86C-75B590F8E5D7}.Debug|Any CPU.ActiveCfg = Debug|Any CPU
		{CE8964F4-A6AE-4742-B86C-75B590F8E5D7}.Debug|Any CPU.Build.0 = Debug|Any CPU
		{CE8964F4-A6AE-4742-B86C-75B590F8E5D7}.Release|Any CPU.ActiveCfg = Release|Any CPU
		{CE8964F4-A6AE-4742-B86C-75B590F8E5D7}.Release|Any CPU.Build.0 = Release|Any CPU
		{AC17766D-11D1-4945-B0B1-CD6B3B11CC7D}.Debug|Any CPU.ActiveCfg = Debug|Any CPU
		{AC17766D-11D1-4945-B0B1-CD6B3B11CC7D}.Debug|Any CPU.Build.0 = Debug|Any CPU
		{AC17766D-11D1-4945-B0B1-CD6B3B11CC7D}.Release|Any CPU.ActiveCfg = Release|Any CPU
		{AC17766D-11D1-4945-B0B1-CD6B3B11CC7D}.Release|Any CPU.Build.0 = Release|Any CPU
		{D297157B-0C23-4AFB-8371-D70134BA385D}.Debug|Any CPU.ActiveCfg = Debug|Any CPU
		{D297157B-0C23-4AFB-8371-D70134BA385D}.Debug|Any CPU.Build.0 = Debug|Any CPU
		{D297157B-0C23-4AFB-8371-D70134BA385D}.Release|Any CPU.ActiveCfg = Release|Any CPU
		{D297157B-0C23-4AFB-8371-D70134BA385D}.Release|Any CPU.Build.0 = Release|Any CPU
		{A6E7F55B-5A6F-4B8D-8AA1-02BD14C33E42}.Debug|Any CPU.ActiveCfg = Debug|Any CPU
		{A6E7F55B-5A6F-4B8D-8AA1-02BD14C33E42}.Debug|Any CPU.Build.0 = Debug|Any CPU
		{A6E7F55B-5A6F-4B8D-8AA1-02BD14C33E42}.Release|Any CPU.ActiveCfg = Release|Any CPU
		{A6E7F55B-5A6F-4B8D-8AA1-02BD14C33E42}.Release|Any CPU.Build.0 = Release|Any CPU
		{154343E3-B8C8-481E-B62B-7F987BD4866A}.Debug|Any CPU.ActiveCfg = Debug|Any CPU
		{154343E3-B8C8-481E-B62B-7F987BD4866A}.Debug|Any CPU.Build.0 = Debug|Any CPU
		{154343E3-B8C8-481E-B62B-7F987BD4866A}.Release|Any CPU.ActiveCfg = Release|Any CPU
		{154343E3-B8C8-481E-B62B-7F987BD4866A}.Release|Any CPU.Build.0 = Release|Any CPU
		{D2EEF0A1-26B1-4C84-A274-39BBE0B6C4BE}.Debug|Any CPU.ActiveCfg = Debug|Any CPU
		{D2EEF0A1-26B1-4C84-A274-39BBE0B6C4BE}.Debug|Any CPU.Build.0 = Debug|Any CPU
		{D2EEF0A1-26B1-4C84-A274-39BBE0B6C4BE}.Release|Any CPU.ActiveCfg = Release|Any CPU
		{D2EEF0A1-26B1-4C84-A274-39BBE0B6C4BE}.Release|Any CPU.Build.0 = Release|Any CPU
		{1FA991BE-C1F0-4886-BA5B-AC094AD81A31}.Debug|Any CPU.ActiveCfg = Debug|Any CPU
		{1FA991BE-C1F0-4886-BA5B-AC094AD81A31}.Debug|Any CPU.Build.0 = Debug|Any CPU
		{1FA991BE-C1F0-4886-BA5B-AC094AD81A31}.Release|Any CPU.ActiveCfg = Release|Any CPU
		{1FA991BE-C1F0-4886-BA5B-AC094AD81A31}.Release|Any CPU.Build.0 = Release|Any CPU
		{14FBDD85-C399-438A-8E09-5AFC98DCEB7D}.Debug|Any CPU.ActiveCfg = Debug|Any CPU
		{14FBDD85-C399-438A-8E09-5AFC98DCEB7D}.Debug|Any CPU.Build.0 = Debug|Any CPU
		{14FBDD85-C399-438A-8E09-5AFC98DCEB7D}.Release|Any CPU.ActiveCfg = Release|Any CPU
		{14FBDD85-C399-438A-8E09-5AFC98DCEB7D}.Release|Any CPU.Build.0 = Release|Any CPU
	EndGlobalSection
	GlobalSection(SolutionProperties) = preSolution
		HideSolutionNode = FALSE
	EndGlobalSection
	GlobalSection(NestedProjects) = preSolution
		{CE8964F4-A6AE-4742-B86C-75B590F8E5D7} = {9CF5ADD1-AC37-49CA-B45B-16BCE057D124}
		{AC17766D-11D1-4945-B0B1-CD6B3B11CC7D} = {0E5865AD-1E0B-4DFE-BF4E-737A2343C03E}
		{D297157B-0C23-4AFB-8371-D70134BA385D} = {0E5865AD-1E0B-4DFE-BF4E-737A2343C03E}
		{A6E7F55B-5A6F-4B8D-8AA1-02BD14C33E42} = {0E5865AD-1E0B-4DFE-BF4E-737A2343C03E}
		{154343E3-B8C8-481E-B62B-7F987BD4866A} = {0E5865AD-1E0B-4DFE-BF4E-737A2343C03E}
		{1FA991BE-C1F0-4886-BA5B-AC094AD81A31} = {9CF5ADD1-AC37-49CA-B45B-16BCE057D124}
		{14FBDD85-C399-438A-8E09-5AFC98DCEB7D} = {58687F8B-24F8-42DB-A902-485E19711D95}
	EndGlobalSection
	GlobalSection(ExtensibilityGlobals) = postSolution
		SolutionGuid = {1EF31CA9-23B3-46AB-9BC5-C9A90EFEB9BB}
	EndGlobalSection
EndGlobal
