
Microsoft Visual Studio Solution File, Format Version 12.00
# Visual Studio Version 17
VisualStudioVersion = 17.0.31903.59
MinimumVisualStudioVersion = 10.0.40219.1
Project("{2150E333-8FDC-42A3-9474-1A3956D46DE8}") = "src", "src", "{412297FC-710D-42A6-9F3B-AE403D9A73E6}"
EndProject
Project("{FAE04EC0-301F-11D3-BF4B-00C04F79EFBC}") = "Wcs.Api", "src\Wcs.Api\Wcs.Api.csproj", "{B1CCE8FF-2934-46C3-A1A1-B45C88687CB0}"
EndProject
Project("{FAE04EC0-301F-11D3-BF4B-00C04F79EFBC}") = "Wcs.Rcs", "src\Wcs.Rcs\Wcs.Rcs.csproj", "{18C0322F-325C-4689-8D52-EB6B1C802204}"
EndProject
Project("{FAE04EC0-301F-11D3-BF4B-00C04F79EFBC}") = "Wcs.OpcUa", "src\Wcs.OpcUa\Wcs.OpcUa.csproj", "{C9511A90-2D74-417D-8FAD-7C625F49157D}"
EndProject
Project("{FAE04EC0-301F-11D3-BF4B-00C04F79EFBC}") = "Wcs.Common", "src\Wcs.Common\Wcs.Common.csproj", "{F6693496-3E2C-4A11-8791-A6FED27E67B5}"
EndProject
Project("{FAE04EC0-301F-11D3-BF4B-00C04F79EFBC}") = "Wcs.Cms", "src\Wcs.Cms\Wcs.Cms.csproj", "{EC1507DC-26E3-4D69-96CE-97D837297011}"
EndProject
Project("{FAE04EC0-301F-11D3-BF4B-00C04F79EFBC}") = "Wcs.Infrastructure", "src\Wcs.Infrastructure\Wcs.Infrastructure.csproj", "{CD50C819-396C-4CD2-A49D-4B2246C98BF2}"
EndProject
Project("{FAE04EC0-301F-11D3-BF4B-00C04F79EFBC}") = "Wcs.Okamura", "src\Wcs.Okamura\Wcs.Okamura.csproj", "{A7B8C9D0-1E2F-3A4B-5C6D-7E8F9A0B1C2D}"
EndProject
Global
	GlobalSection(SolutionConfigurationPlatforms) = preSolution
		Debug|Any CPU = Debug|Any CPU
		Release|Any CPU = Release|Any CPU
	EndGlobalSection
	GlobalSection(SolutionProperties) = preSolution
		HideSolutionNode = FALSE
	EndGlobalSection
	GlobalSection(ProjectConfigurationPlatforms) = postSolution
		{B1CCE8FF-2934-46C3-A1A1-B45C88687CB0}.Debug|Any CPU.ActiveCfg = Debug|Any CPU
		{B1CCE8FF-2934-46C3-A1A1-B45C88687CB0}.Debug|Any CPU.Build.0 = Debug|Any CPU
		{B1CCE8FF-2934-46C3-A1A1-B45C88687CB0}.Release|Any CPU.ActiveCfg = Release|Any CPU
		{B1CCE8FF-2934-46C3-A1A1-B45C88687CB0}.Release|Any CPU.Build.0 = Release|Any CPU
		{18C0322F-325C-4689-8D52-EB6B1C802204}.Debug|Any CPU.ActiveCfg = Debug|Any CPU
		{18C0322F-325C-4689-8D52-EB6B1C802204}.Debug|Any CPU.Build.0 = Debug|Any CPU
		{18C0322F-325C-4689-8D52-EB6B1C802204}.Release|Any CPU.ActiveCfg = Release|Any CPU
		{18C0322F-325C-4689-8D52-EB6B1C802204}.Release|Any CPU.Build.0 = Release|Any CPU
		{C9511A90-2D74-417D-8FAD-7C625F49157D}.Debug|Any CPU.ActiveCfg = Debug|Any CPU
		{C9511A90-2D74-417D-8FAD-7C625F49157D}.Debug|Any CPU.Build.0 = Debug|Any CPU
		{C9511A90-2D74-417D-8FAD-7C625F49157D}.Release|Any CPU.ActiveCfg = Release|Any CPU
		{C9511A90-2D74-417D-8FAD-7C625F49157D}.Release|Any CPU.Build.0 = Release|Any CPU
		{F6693496-3E2C-4A11-8791-A6FED27E67B5}.Debug|Any CPU.ActiveCfg = Debug|Any CPU
		{F6693496-3E2C-4A11-8791-A6FED27E67B5}.Debug|Any CPU.Build.0 = Debug|Any CPU
		{F6693496-3E2C-4A11-8791-A6FED27E67B5}.Release|Any CPU.ActiveCfg = Release|Any CPU
		{F6693496-3E2C-4A11-8791-A6FED27E67B5}.Release|Any CPU.Build.0 = Release|Any CPU
		{EC1507DC-26E3-4D69-96CE-97D837297011}.Debug|Any CPU.ActiveCfg = Debug|Any CPU
		{EC1507DC-26E3-4D69-96CE-97D837297011}.Debug|Any CPU.Build.0 = Debug|Any CPU
		{EC1507DC-26E3-4D69-96CE-97D837297011}.Release|Any CPU.ActiveCfg = Release|Any CPU
		{EC1507DC-26E3-4D69-96CE-97D837297011}.Release|Any CPU.Build.0 = Release|Any CPU
		{CD50C819-396C-4CD2-A49D-4B2246C98BF2}.Debug|Any CPU.ActiveCfg = Debug|Any CPU
		{CD50C819-396C-4CD2-A49D-4B2246C98BF2}.Debug|Any CPU.Build.0 = Debug|Any CPU
		{CD50C819-396C-4CD2-A49D-4B2246C98BF2}.Release|Any CPU.ActiveCfg = Release|Any CPU
		{CD50C819-396C-4CD2-A49D-4B2246C98BF2}.Release|Any CPU.Build.0 = Release|Any CPU
		{A7B8C9D0-1E2F-3A4B-5C6D-7E8F9A0B1C2D}.Debug|Any CPU.ActiveCfg = Debug|Any CPU
		{A7B8C9D0-1E2F-3A4B-5C6D-7E8F9A0B1C2D}.Debug|Any CPU.Build.0 = Debug|Any CPU
		{A7B8C9D0-1E2F-3A4B-5C6D-7E8F9A0B1C2D}.Release|Any CPU.ActiveCfg = Release|Any CPU
		{A7B8C9D0-1E2F-3A4B-5C6D-7E8F9A0B1C2D}.Release|Any CPU.Build.0 = Release|Any CPU
	EndGlobalSection
	GlobalSection(NestedProjects) = preSolution
		{B1CCE8FF-2934-46C3-A1A1-B45C88687CB0} = {412297FC-710D-42A6-9F3B-AE403D9A73E6}
		{18C0322F-325C-4689-8D52-EB6B1C802204} = {412297FC-710D-42A6-9F3B-AE403D9A73E6}
		{C9511A90-2D74-417D-8FAD-7C625F49157D} = {412297FC-710D-42A6-9F3B-AE403D9A73E6}
		{F6693496-3E2C-4A11-8791-A6FED27E67B5} = {412297FC-710D-42A6-9F3B-AE403D9A73E6}
		{EC1507DC-26E3-4D69-96CE-97D837297011} = {412297FC-710D-42A6-9F3B-AE403D9A73E6}
		{CD50C819-396C-4CD2-A49D-4B2246C98BF2} = {412297FC-710D-42A6-9F3B-AE403D9A73E6}
		{A7B8C9D0-1E2F-3A4B-5C6D-7E8F9A0B1C2D} = {412297FC-710D-42A6-9F3B-AE403D9A73E6}
	EndGlobalSection
EndGlobal
