
Microsoft Visual Studio Solution File, Format Version 12.00
# Visual Studio Version 17
VisualStudioVersion = 17.8.34322.80
MinimumVisualStudioVersion = 10.0.40219.1
Project("{2150E333-8FDC-42A3-9474-1A3956D46DE8}") = "Worker", "Worker", "{9CF5ADD1-AC37-49CA-B45B-16BCE057D124}"
EndProject
Project("{2150E333-8FDC-42A3-9474-1A3956D46DE8}") = "Server", "Server", "{0E5865AD-1E0B-4DFE-BF4E-737A2343C03E}"
EndProject
Project("{9A19103F-16F7-4668-BE54-9A1E7A4F7556}") = "Worker.Application", "Worker.Application\Worker.Application.csproj", "{CE8964F4-A6AE-4742-B86C-75B590F8E5D7}"
EndProject
Project("{FAE04EC0-301F-11D3-BF4B-00C04F79EFBC}") = "Core", "Core\Core.csproj", "{7ADE0040-C61B-417B-B649-B8C4903C0BA6}"
EndProject
Project("{FAE04EC0-301F-11D3-BF4B-00C04F79EFBC}") = "Core.Application", "Core.Application\Core.Application.csproj", "{DF4F7C09-3AB1-4485-86E4-ABFBEC83EE6E}"
EndProject
Project("{FAE04EC0-301F-11D3-BF4B-00C04F79EFBC}") = "Core.Domain", "Core.Domain\Core.Domain.csproj", "{722C6CAC-38BE-42BE-885F-6B7CE5AF7DC5}"
EndProject
Project("{FAE04EC0-301F-11D3-BF4B-00C04F79EFBC}") = "Core.Infrastructure", "Core.Infrastructure\Core.Infrastructure.csproj", "{8581455C-1993-4156-945E-1AC06EFC8B44}"
EndProject
Project("{FAE04EC0-301F-11D3-BF4B-00C04F79EFBC}") = "Core.Utils", "Core.Utils\Core.Utils.csproj", "{D3E56589-DC4A-4317-95D1-C351184185C9}"
EndProject
Project("{FAE04EC0-301F-11D3-BF4B-00C04F79EFBC}") = "Core.WorkerService", "Core.WorkerService\Core.WorkerService.csproj", "{F721DF43-FAD0-4536-87F2-A795F0403648}"
EndProject
Project("{2150E333-8FDC-42A3-9474-1A3956D46DE8}") = "Client", "Client", "{F5F485B2-413D-4C37-83DF-E29AC23D8CFD}"
EndProject
Global
	GlobalSection(SolutionConfigurationPlatforms) = preSolution
		Debug|Any CPU = Debug|Any CPU
		Release|Any CPU = Release|Any CPU
	EndGlobalSection
	GlobalSection(ProjectConfigurationPlatforms) = postSolution
		{CE8964F4-A6AE-4742-B86C-75B590F8E5D7}.Debug|Any CPU.ActiveCfg = Debug|Any CPU
		{CE8964F4-A6AE-4742-B86C-75B590F8E5D7}.Debug|Any CPU.Build.0 = Debug|Any CPU
		{CE8964F4-A6AE-4742-B86C-75B590F8E5D7}.Release|Any CPU.ActiveCfg = Release|Any CPU
		{CE8964F4-A6AE-4742-B86C-75B590F8E5D7}.Release|Any CPU.Build.0 = Release|Any CPU
		{7ADE0040-C61B-417B-B649-B8C4903C0BA6}.Debug|Any CPU.ActiveCfg = Debug|Any CPU
		{7ADE0040-C61B-417B-B649-B8C4903C0BA6}.Debug|Any CPU.Build.0 = Debug|Any CPU
		{7ADE0040-C61B-417B-B649-B8C4903C0BA6}.Release|Any CPU.ActiveCfg = Release|Any CPU
		{7ADE0040-C61B-417B-B649-B8C4903C0BA6}.Release|Any CPU.Build.0 = Release|Any CPU
		{DF4F7C09-3AB1-4485-86E4-ABFBEC83EE6E}.Debug|Any CPU.ActiveCfg = Debug|Any CPU
		{DF4F7C09-3AB1-4485-86E4-ABFBEC83EE6E}.Debug|Any CPU.Build.0 = Debug|Any CPU
		{DF4F7C09-3AB1-4485-86E4-ABFBEC83EE6E}.Release|Any CPU.ActiveCfg = Release|Any CPU
		{DF4F7C09-3AB1-4485-86E4-ABFBEC83EE6E}.Release|Any CPU.Build.0 = Release|Any CPU
		{722C6CAC-38BE-42BE-885F-6B7CE5AF7DC5}.Debug|Any CPU.ActiveCfg = Debug|Any CPU
		{722C6CAC-38BE-42BE-885F-6B7CE5AF7DC5}.Debug|Any CPU.Build.0 = Debug|Any CPU
		{722C6CAC-38BE-42BE-885F-6B7CE5AF7DC5}.Release|Any CPU.ActiveCfg = Release|Any CPU
		{722C6CAC-38BE-42BE-885F-6B7CE5AF7DC5}.Release|Any CPU.Build.0 = Release|Any CPU
		{8581455C-1993-4156-945E-1AC06EFC8B44}.Debug|Any CPU.ActiveCfg = Debug|Any CPU
		{8581455C-1993-4156-945E-1AC06EFC8B44}.Debug|Any CPU.Build.0 = Debug|Any CPU
		{8581455C-1993-4156-945E-1AC06EFC8B44}.Release|Any CPU.ActiveCfg = Release|Any CPU
		{8581455C-1993-4156-945E-1AC06EFC8B44}.Release|Any CPU.Build.0 = Release|Any CPU
		{D3E56589-DC4A-4317-95D1-C351184185C9}.Debug|Any CPU.ActiveCfg = Debug|Any CPU
		{D3E56589-DC4A-4317-95D1-C351184185C9}.Debug|Any CPU.Build.0 = Debug|Any CPU
		{D3E56589-DC4A-4317-95D1-C351184185C9}.Release|Any CPU.ActiveCfg = Release|Any CPU
		{D3E56589-DC4A-4317-95D1-C351184185C9}.Release|Any CPU.Build.0 = Release|Any CPU
		{F721DF43-FAD0-4536-87F2-A795F0403648}.Debug|Any CPU.ActiveCfg = Debug|Any CPU
		{F721DF43-FAD0-4536-87F2-A795F0403648}.Debug|Any CPU.Build.0 = Debug|Any CPU
		{F721DF43-FAD0-4536-87F2-A795F0403648}.Release|Any CPU.ActiveCfg = Release|Any CPU
		{F721DF43-FAD0-4536-87F2-A795F0403648}.Release|Any CPU.Build.0 = Release|Any CPU
	EndGlobalSection
	GlobalSection(SolutionProperties) = preSolution
		HideSolutionNode = FALSE
	EndGlobalSection
	GlobalSection(NestedProjects) = preSolution
		{CE8964F4-A6AE-4742-B86C-75B590F8E5D7} = {9CF5ADD1-AC37-49CA-B45B-16BCE057D124}
		{7ADE0040-C61B-417B-B649-B8C4903C0BA6} = {0E5865AD-1E0B-4DFE-BF4E-737A2343C03E}
		{DF4F7C09-3AB1-4485-86E4-ABFBEC83EE6E} = {0E5865AD-1E0B-4DFE-BF4E-737A2343C03E}
		{722C6CAC-38BE-42BE-885F-6B7CE5AF7DC5} = {0E5865AD-1E0B-4DFE-BF4E-737A2343C03E}
		{8581455C-1993-4156-945E-1AC06EFC8B44} = {0E5865AD-1E0B-4DFE-BF4E-737A2343C03E}
		{F721DF43-FAD0-4536-87F2-A795F0403648} = {9CF5ADD1-AC37-49CA-B45B-16BCE057D124}
	EndGlobalSection
	GlobalSection(ExtensibilityGlobals) = postSolution
		SolutionGuid = {1EF31CA9-23B3-46AB-9BC5-C9A90EFEB9BB}
	EndGlobalSection
EndGlobal
