
Microsoft Visual Studio Solution File, Format Version 12.00
# Visual Studio Version 17
VisualStudioVersion = 17.8.34322.80
MinimumVisualStudioVersion = 10.0.40219.1
Project("{9A19103F-16F7-4668-BE54-9A1E7A4F7556}") = "Core", "Astemo\Core.csproj", "{AAA54F10-FF2A-4E5F-AEC7-8F040D47F200}"
EndProject
Project("{9A19103F-16F7-4668-BE54-9A1E7A4F7556}") = "Core.Domain", "Astemo.Domain\Core.Domain.csproj", "{BC0AE225-7247-46F4-9A75-6D4375B3BBE2}"
EndProject
Project("{9A19103F-16F7-4668-BE54-9A1E7A4F7556}") = "Core.Infrastructure", "Astemo.Infrastructure\Core.Infrastructure.csproj", "{EB58862D-9A07-46A4-815E-0912FFD1C721}"
EndProject
Project("{9A19103F-16F7-4668-BE54-9A1E7A4F7556}") = "Core.Application", "Astemo.Application\Core.Application.csproj", "{E059C7D4-660E-4CE4-BD42-FF2457C53403}"
EndProject
Project("{9A19103F-16F7-4668-BE54-9A1E7A4F7556}") = "Core.Utils", "Astemo.Utils\Core.Utils.csproj", "{96CA4A67-2722-4A65-808A-A14B0818C3D2}"
EndProject
Project("{9A19103F-16F7-4668-BE54-9A1E7A4F7556}") = "Core.WorkerService", "Astemo.WorkerService\Core.WorkerService.csproj", "{B6EB29F9-0C08-4788-B7D7-C02E2EB0E9E2}"
EndProject
Project("{2150E333-8FDC-42A3-9474-1A3956D46DE8}") = "Worker", "Worker", "{9CF5ADD1-AC37-49CA-B45B-16BCE057D124}"
EndProject
Project("{2150E333-8FDC-42A3-9474-1A3956D46DE8}") = "Server", "Server", "{0E5865AD-1E0B-4DFE-BF4E-737A2343C03E}"
EndProject
Project("{9A19103F-16F7-4668-BE54-9A1E7A4F7556}") = "Worker.Application", "Worker.Application\Worker.Application.csproj", "{CE8964F4-A6AE-4742-B86C-75B590F8E5D7}"
EndProject
Global
	GlobalSection(SolutionConfigurationPlatforms) = preSolution
		Debug|Any CPU = Debug|Any CPU
		Release|Any CPU = Release|Any CPU
	EndGlobalSection
	GlobalSection(ProjectConfigurationPlatforms) = postSolution
		{AAA54F10-FF2A-4E5F-AEC7-8F040D47F200}.Debug|Any CPU.ActiveCfg = Debug|Any CPU
		{AAA54F10-FF2A-4E5F-AEC7-8F040D47F200}.Debug|Any CPU.Build.0 = Debug|Any CPU
		{AAA54F10-FF2A-4E5F-AEC7-8F040D47F200}.Release|Any CPU.ActiveCfg = Release|Any CPU
		{AAA54F10-FF2A-4E5F-AEC7-8F040D47F200}.Release|Any CPU.Build.0 = Release|Any CPU
		{BC0AE225-7247-46F4-9A75-6D4375B3BBE2}.Debug|Any CPU.ActiveCfg = Debug|Any CPU
		{BC0AE225-7247-46F4-9A75-6D4375B3BBE2}.Debug|Any CPU.Build.0 = Debug|Any CPU
		{BC0AE225-7247-46F4-9A75-6D4375B3BBE2}.Release|Any CPU.ActiveCfg = Release|Any CPU
		{BC0AE225-7247-46F4-9A75-6D4375B3BBE2}.Release|Any CPU.Build.0 = Release|Any CPU
		{EB58862D-9A07-46A4-815E-0912FFD1C721}.Debug|Any CPU.ActiveCfg = Debug|Any CPU
		{EB58862D-9A07-46A4-815E-0912FFD1C721}.Debug|Any CPU.Build.0 = Debug|Any CPU
		{EB58862D-9A07-46A4-815E-0912FFD1C721}.Release|Any CPU.ActiveCfg = Release|Any CPU
		{EB58862D-9A07-46A4-815E-0912FFD1C721}.Release|Any CPU.Build.0 = Release|Any CPU
		{E059C7D4-660E-4CE4-BD42-FF2457C53403}.Debug|Any CPU.ActiveCfg = Debug|Any CPU
		{E059C7D4-660E-4CE4-BD42-FF2457C53403}.Debug|Any CPU.Build.0 = Debug|Any CPU
		{E059C7D4-660E-4CE4-BD42-FF2457C53403}.Release|Any CPU.ActiveCfg = Release|Any CPU
		{E059C7D4-660E-4CE4-BD42-FF2457C53403}.Release|Any CPU.Build.0 = Release|Any CPU
		{96CA4A67-2722-4A65-808A-A14B0818C3D2}.Debug|Any CPU.ActiveCfg = Debug|Any CPU
		{96CA4A67-2722-4A65-808A-A14B0818C3D2}.Debug|Any CPU.Build.0 = Debug|Any CPU
		{96CA4A67-2722-4A65-808A-A14B0818C3D2}.Release|Any CPU.ActiveCfg = Release|Any CPU
		{96CA4A67-2722-4A65-808A-A14B0818C3D2}.Release|Any CPU.Build.0 = Release|Any CPU
		{B6EB29F9-0C08-4788-B7D7-C02E2EB0E9E2}.Debug|Any CPU.ActiveCfg = Debug|Any CPU
		{B6EB29F9-0C08-4788-B7D7-C02E2EB0E9E2}.Debug|Any CPU.Build.0 = Debug|Any CPU
		{B6EB29F9-0C08-4788-B7D7-C02E2EB0E9E2}.Release|Any CPU.ActiveCfg = Release|Any CPU
		{B6EB29F9-0C08-4788-B7D7-C02E2EB0E9E2}.Release|Any CPU.Build.0 = Release|Any CPU
		{CE8964F4-A6AE-4742-B86C-75B590F8E5D7}.Debug|Any CPU.ActiveCfg = Debug|Any CPU
		{CE8964F4-A6AE-4742-B86C-75B590F8E5D7}.Debug|Any CPU.Build.0 = Debug|Any CPU
		{CE8964F4-A6AE-4742-B86C-75B590F8E5D7}.Release|Any CPU.ActiveCfg = Release|Any CPU
		{CE8964F4-A6AE-4742-B86C-75B590F8E5D7}.Release|Any CPU.Build.0 = Release|Any CPU
	EndGlobalSection
	GlobalSection(SolutionProperties) = preSolution
		HideSolutionNode = FALSE
	EndGlobalSection
	GlobalSection(NestedProjects) = preSolution
		{AAA54F10-FF2A-4E5F-AEC7-8F040D47F200} = {0E5865AD-1E0B-4DFE-BF4E-737A2343C03E}
		{BC0AE225-7247-46F4-9A75-6D4375B3BBE2} = {0E5865AD-1E0B-4DFE-BF4E-737A2343C03E}
		{EB58862D-9A07-46A4-815E-0912FFD1C721} = {0E5865AD-1E0B-4DFE-BF4E-737A2343C03E}
		{E059C7D4-660E-4CE4-BD42-FF2457C53403} = {0E5865AD-1E0B-4DFE-BF4E-737A2343C03E}
		{B6EB29F9-0C08-4788-B7D7-C02E2EB0E9E2} = {9CF5ADD1-AC37-49CA-B45B-16BCE057D124}
		{CE8964F4-A6AE-4742-B86C-75B590F8E5D7} = {9CF5ADD1-AC37-49CA-B45B-16BCE057D124}
	EndGlobalSection
	GlobalSection(ExtensibilityGlobals) = postSolution
		SolutionGuid = {1EF31CA9-23B3-46AB-9BC5-C9A90EFEB9BB}
	EndGlobalSection
EndGlobal
