
Microsoft Visual Studio Solution File, Format Version 12.00
# Visual Studio Version 17
VisualStudioVersion = 17.9.34728.123
MinimumVisualStudioVersion = 10.0.40219.1
Project("{FAE04EC0-301F-11D3-BF4B-00C04F79EFBC}") = "Main01", "Main01\Main01.csproj", "{FD834729-0986-4A62-BBAA-3C5071983834}"
EndProject
Global
	GlobalSection(SolutionConfigurationPlatforms) = preSolution
		Debug|Any CPU = Debug|Any CPU
		Release|Any CPU = Release|Any CPU
	EndGlobalSection
	GlobalSection(ProjectConfigurationPlatforms) = postSolution
		{FD834729-0986-4A62-BBAA-3C5071983834}.Debug|Any CPU.ActiveCfg = Debug|Any CPU
		{FD834729-0986-4A62-BBAA-3C5071983834}.Debug|Any CPU.Build.0 = Debug|Any CPU
		{FD834729-0986-4A62-BBAA-3C5071983834}.Release|Any CPU.ActiveCfg = Release|Any CPU
		{FD834729-0986-4A62-BBAA-3C5071983834}.Release|Any CPU.Build.0 = Release|Any CPU
	EndGlobalSection
	GlobalSection(SolutionProperties) = preSolution
		HideSolutionNode = FALSE
	EndGlobalSection
	GlobalSection(ExtensibilityGlobals) = postSolution
		SolutionGuid = {5400D105-407B-4CDD-9F54-039DF4C9DF98}
	EndGlobalSection
EndGlobal
